Microsoft Visual Studio Solution File, Format Version 12.00
# Visual Studio 15
Project("{2150E333-8FDC-42A3-9474-1A3956D46DE8}") = "CMakePredefinedTargets", "CMakePredefinedTargets", "{EAC03E48-D023-3330-BCA3-FE608702DB38}"
EndProject
Project("{2150E333-8FDC-42A3-9474-1A3956D46DE8}") = "GLFW3", "GLFW3", "{F6B78724-EB6F-3010-8D16-35677116229B}"
EndProject
Project("{8BC9CEB8-8B4A-11D0-8D11-00A0C91BC942}") = "ALL_BUILD", "ALL_BUILD.vcxproj", "{351297E9-3BE1-3D8C-94FD-9DDC05135B16}"
	ProjectSection(ProjectDependencies) = postProject
		{5D11EFB8-7671-380A-9495-4D9F1411977E} = {5D11EFB8-7671-380A-9495-4D9F1411977E}
		{0214E2E6-FDA6-37E5-B8E5-3B25C807D1A8} = {0214E2E6-FDA6-37E5-B8E5-3B25C807D1A8}
	EndProjectSection
EndProject
Project("{8BC9CEB8-8B4A-11D0-8D11-00A0C91BC942}") = "INSTALL", "INSTALL.vcxproj", "{E4CFC1A2-F83C-36C4-B264-ED83D54A744F}"
	ProjectSection(ProjectDependencies) = postProject
		{351297E9-3BE1-3D8C-94FD-9DDC05135B16} = {351297E9-3BE1-3D8C-94FD-9DDC05135B16}
		{5D11EFB8-7671-380A-9495-4D9F1411977E} = {5D11EFB8-7671-380A-9495-4D9F1411977E}
	EndProjectSection
EndProject
Project("{8BC9CEB8-8B4A-11D0-8D11-00A0C91BC942}") = "ZERO_CHECK", "..\..\..\\ZERO_CHECK.vcxproj", "{5D11EFB8-7671-380A-9495-4D9F1411977E}"
	ProjectSection(ProjectDependencies) = postProject
	EndProjectSection
EndProject
Project("{8BC9CEB8-8B4A-11D0-8D11-00A0C91BC942}") = "glfw", "src\glfw.vcxproj", "{0214E2E6-FDA6-37E5-B8E5-3B25C807D1A8}"
	ProjectSection(ProjectDependencies) = postProject
		{5D11EFB8-7671-380A-9495-4D9F1411977E} = {5D11EFB8-7671-380A-9495-4D9F1411977E}
	EndProjectSection
EndProject
Project("{8BC9CEB8-8B4A-11D0-8D11-00A0C91BC942}") = "uninstall", "uninstall.vcxproj", "{4897FB12-E02B-36DF-A8C0-76F126B2CD44}"
	ProjectSection(ProjectDependencies) = postProject
		{5D11EFB8-7671-380A-9495-4D9F1411977E} = {5D11EFB8-7671-380A-9495-4D9F1411977E}
	EndProjectSection
EndProject
Project("{8BC9CEB8-8B4A-11D0-8D11-00A0C91BC942}") = "update_mappings", "src\update_mappings.vcxproj", "{3AF1A7AC-C640-3B98-A0F6-348EC8EC9E7A}"
	ProjectSection(ProjectDependencies) = postProject
		{5D11EFB8-7671-380A-9495-4D9F1411977E} = {5D11EFB8-7671-380A-9495-4D9F1411977E}
	EndProjectSection
EndProject
Global
	GlobalSection(SolutionConfigurationPlatforms) = preSolution
		Debug|x64 = Debug|x64
		Release|x64 = Release|x64
		MinSizeRel|x64 = MinSizeRel|x64
		RelWithDebInfo|x64 = RelWithDebInfo|x64
	EndGlobalSection
	GlobalSection(ProjectConfigurationPlatforms) = postSolution
		{351297E9-3BE1-3D8C-94FD-9DDC05135B16}.Debug|x64.ActiveCfg = Debug|x64
		{351297E9-3BE1-3D8C-94FD-9DDC05135B16}.Debug|x64.Build.0 = Debug|x64
		{351297E9-3BE1-3D8C-94FD-9DDC05135B16}.Release|x64.ActiveCfg = Release|x64
		{351297E9-3BE1-3D8C-94FD-9DDC05135B16}.Release|x64.Build.0 = Release|x64
		{351297E9-3BE1-3D8C-94FD-9DDC05135B16}.MinSizeRel|x64.ActiveCfg = MinSizeRel|x64
		{351297E9-3BE1-3D8C-94FD-9DDC05135B16}.MinSizeRel|x64.Build.0 = MinSizeRel|x64
		{351297E9-3BE1-3D8C-94FD-9DDC05135B16}.RelWithDebInfo|x64.ActiveCfg = RelWithDebInfo|x64
		{351297E9-3BE1-3D8C-94FD-9DDC05135B16}.RelWithDebInfo|x64.Build.0 = RelWithDebInfo|x64
		{E4CFC1A2-F83C-36C4-B264-ED83D54A744F}.Debug|x64.ActiveCfg = Debug|x64
		{E4CFC1A2-F83C-36C4-B264-ED83D54A744F}.Release|x64.ActiveCfg = Release|x64
		{E4CFC1A2-F83C-36C4-B264-ED83D54A744F}.MinSizeRel|x64.ActiveCfg = MinSizeRel|x64
		{E4CFC1A2-F83C-36C4-B264-ED83D54A744F}.RelWithDebInfo|x64.ActiveCfg = RelWithDebInfo|x64
		{5D11EFB8-7671-380A-9495-4D9F1411977E}.Debug|x64.ActiveCfg = Debug|x64
		{5D11EFB8-7671-380A-9495-4D9F1411977E}.Debug|x64.Build.0 = Debug|x64
		{5D11EFB8-7671-380A-9495-4D9F1411977E}.Release|x64.ActiveCfg = Release|x64
		{5D11EFB8-7671-380A-9495-4D9F1411977E}.Release|x64.Build.0 = Release|x64
		{5D11EFB8-7671-380A-9495-4D9F1411977E}.MinSizeRel|x64.ActiveCfg = MinSizeRel|x64
		{5D11EFB8-7671-380A-9495-4D9F1411977E}.MinSizeRel|x64.Build.0 = MinSizeRel|x64
		{5D11EFB8-7671-380A-9495-4D9F1411977E}.RelWithDebInfo|x64.ActiveCfg = RelWithDebInfo|x64
		{5D11EFB8-7671-380A-9495-4D9F1411977E}.RelWithDebInfo|x64.Build.0 = RelWithDebInfo|x64
		{0214E2E6-FDA6-37E5-B8E5-3B25C807D1A8}.Debug|x64.ActiveCfg = Debug|x64
		{0214E2E6-FDA6-37E5-B8E5-3B25C807D1A8}.Debug|x64.Build.0 = Debug|x64
		{0214E2E6-FDA6-37E5-B8E5-3B25C807D1A8}.Release|x64.ActiveCfg = Release|x64
		{0214E2E6-FDA6-37E5-B8E5-3B25C807D1A8}.Release|x64.Build.0 = Release|x64
		{0214E2E6-FDA6-37E5-B8E5-3B25C807D1A8}.MinSizeRel|x64.ActiveCfg = MinSizeRel|x64
		{0214E2E6-FDA6-37E5-B8E5-3B25C807D1A8}.MinSizeRel|x64.Build.0 = MinSizeRel|x64
		{0214E2E6-FDA6-37E5-B8E5-3B25C807D1A8}.RelWithDebInfo|x64.ActiveCfg = RelWithDebInfo|x64
		{0214E2E6-FDA6-37E5-B8E5-3B25C807D1A8}.RelWithDebInfo|x64.Build.0 = RelWithDebInfo|x64
		{4897FB12-E02B-36DF-A8C0-76F126B2CD44}.Debug|x64.ActiveCfg = Debug|x64
		{4897FB12-E02B-36DF-A8C0-76F126B2CD44}.Release|x64.ActiveCfg = Release|x64
		{4897FB12-E02B-36DF-A8C0-76F126B2CD44}.MinSizeRel|x64.ActiveCfg = MinSizeRel|x64
		{4897FB12-E02B-36DF-A8C0-76F126B2CD44}.RelWithDebInfo|x64.ActiveCfg = RelWithDebInfo|x64
		{3AF1A7AC-C640-3B98-A0F6-348EC8EC9E7A}.Debug|x64.ActiveCfg = Debug|x64
		{3AF1A7AC-C640-3B98-A0F6-348EC8EC9E7A}.Release|x64.ActiveCfg = Release|x64
		{3AF1A7AC-C640-3B98-A0F6-348EC8EC9E7A}.MinSizeRel|x64.ActiveCfg = MinSizeRel|x64
		{3AF1A7AC-C640-3B98-A0F6-348EC8EC9E7A}.RelWithDebInfo|x64.ActiveCfg = RelWithDebInfo|x64
	EndGlobalSection
	GlobalSection(NestedProjects) = preSolution
		{351297E9-3BE1-3D8C-94FD-9DDC05135B16} = {EAC03E48-D023-3330-BCA3-FE608702DB38}
		{E4CFC1A2-F83C-36C4-B264-ED83D54A744F} = {EAC03E48-D023-3330-BCA3-FE608702DB38}
		{5D11EFB8-7671-380A-9495-4D9F1411977E} = {EAC03E48-D023-3330-BCA3-FE608702DB38}
		{0214E2E6-FDA6-37E5-B8E5-3B25C807D1A8} = {F6B78724-EB6F-3010-8D16-35677116229B}
		{4897FB12-E02B-36DF-A8C0-76F126B2CD44} = {F6B78724-EB6F-3010-8D16-35677116229B}
		{3AF1A7AC-C640-3B98-A0F6-348EC8EC9E7A} = {F6B78724-EB6F-3010-8D16-35677116229B}
	EndGlobalSection
	GlobalSection(ExtensibilityGlobals) = postSolution
		SolutionGuid = {44F5302C-355B-3320-8145-86A17AF909BC}
	EndGlobalSection
	GlobalSection(ExtensibilityAddIns) = postSolution
	EndGlobalSection
EndGlobal
